// !$*UTF8*$!
{
	archiveVersion = 1;
	classes = {
	};
	objectVersion = 46;
	objects = {

/* Begin PBXBuildFile section */
		092332821A225DDC00BF80FB /* AdoptingAnAnnotation.m in Sources */ = {isa = PBXBuildFile; fileRef = 092332811A225DDC00BF80FB /* AdoptingAnAnnotation.m */; };
		092D30421A23B51E0089FDDB /* boutoninscription.png in Resources */ = {isa = PBXBuildFile; fileRef = 092D30401A23B51E0089FDDB /* boutoninscription.png */; };
		092D30431A23B51E0089FDDB /* boutoninscriptionpush.png in Resources */ = {isa = PBXBuildFile; fileRef = 092D30411A23B51E0089FDDB /* boutoninscriptionpush.png */; };
		092D30461A23B83E0089FDDB /* PAGESECTIONS.png in Resources */ = {isa = PBXBuildFile; fileRef = 092D30451A23B83E0089FDDB /* PAGESECTIONS.png */; };
		092D30491A23B8B70089FDDB /* FakeDemoViewController.m in Sources */ = {isa = PBXBuildFile; fileRef = 092D30481A23B8B70089FDDB /* FakeDemoViewController.m */; };
		095187E61A22346000193100 /* main.m in Sources */ = {isa = PBXBuildFile; fileRef = 095187E51A22346000193100 /* main.m */; };
		095187E91A22346000193100 /* AppDelegate.m in Sources */ = {isa = PBXBuildFile; fileRef = 095187E81A22346000193100 /* AppDelegate.m */; };
		095187EC1A22346000193100 /* LoginViewController.m in Sources */ = {isa = PBXBuildFile; fileRef = 095187EB1A22346000193100 /* LoginViewController.m */; };
		095187EF1A22346000193100 /* Main.storyboard in Resources */ = {isa = PBXBuildFile; fileRef = 095187ED1A22346000193100 /* Main.storyboard */; };
		095187F11A22346000193100 /* Images.xcassets in Resources */ = {isa = PBXBuildFile; fileRef = 095187F01A22346000193100 /* Images.xcassets */; };
		095187F41A22346000193100 /* LaunchScreen.xib in Resources */ = {isa = PBXBuildFile; fileRef = 095187F21A22346000193100 /* LaunchScreen.xib */; };
		0951880C1A223F7800193100 /* Services.m in Sources */ = {isa = PBXBuildFile; fileRef = 0951880B1A223F7800193100 /* Services.m */; };
		0951880F1A22500B00193100 /* MapViewController.m in Sources */ = {isa = PBXBuildFile; fileRef = 0951880E1A22500B00193100 /* MapViewController.m */; };
		095188111A22540500193100 /* MapKit.framework in Frameworks */ = {isa = PBXBuildFile; fileRef = 095188101A22540500193100 /* MapKit.framework */; };
		099ACAB91A227D9500F568C0 /* launch.png in Resources */ = {isa = PBXBuildFile; fileRef = 099ACAB81A227D9500F568C0 /* launch.png */; };
		099ACABC1A22846A00F568C0 /* Classification.m in Sources */ = {isa = PBXBuildFile; fileRef = 099ACABB1A22846A00F568C0 /* Classification.m */; };
		099ACABF1A228D8100F568C0 /* DecorListViewController.m in Sources */ = {isa = PBXBuildFile; fileRef = 099ACABE1A228D8100F568C0 /* DecorListViewController.m */; };
		099ACAC51A229CFA00F568C0 /* reaButtonPushed.png in Resources */ = {isa = PBXBuildFile; fileRef = 099ACAC01A229CFA00F568C0 /* reaButtonPushed.png */; };
		099ACAC61A229CFA00F568C0 /* facebookButtonPushed.png in Resources */ = {isa = PBXBuildFile; fileRef = 099ACAC11A229CFA00F568C0 /* facebookButtonPushed.png */; };
		099ACAC71A229CFA00F568C0 /* facebookButton.png in Resources */ = {isa = PBXBuildFile; fileRef = 099ACAC21A229CFA00F568C0 /* facebookButton.png */; };
		099ACAC81A229CFA00F568C0 /* reaButton.png in Resources */ = {isa = PBXBuildFile; fileRef = 099ACAC31A229CFA00F568C0 /* reaButton.png */; };
		099ACAC91A229CFA00F568C0 /* loginScreen.png in Resources */ = {isa = PBXBuildFile; fileRef = 099ACAC41A229CFA00F568C0 /* loginScreen.png */; };
		099ACAD41A22AC5D00F568C0 /* buttonExit.png in Resources */ = {isa = PBXBuildFile; fileRef = 099ACACB1A22AC5D00F568C0 /* buttonExit.png */; };
		099ACAD51A22AC5D00F568C0 /* buttonExitPushed.png in Resources */ = {isa = PBXBuildFile; fileRef = 099ACACC1A22AC5D00F568C0 /* buttonExitPushed.png */; };
		099ACAD81A22AC5D00F568C0 /* buttonPerso.png in Resources */ = {isa = PBXBuildFile; fileRef = 099ACACF1A22AC5D00F568C0 /* buttonPerso.png */; };
		099ACAD91A22AC5D00F568C0 /* buttonPersoPushed.png in Resources */ = {isa = PBXBuildFile; fileRef = 099ACAD01A22AC5D00F568C0 /* buttonPersoPushed.png */; };
		099ACADA1A22AC5D00F568C0 /* buttonMap.png in Resources */ = {isa = PBXBuildFile; fileRef = 099ACAD11A22AC5D00F568C0 /* buttonMap.png */; };
		099ACADB1A22AC5D00F568C0 /* buttonMapPushed.png in Resources */ = {isa = PBXBuildFile; fileRef = 099ACAD21A22AC5D00F568C0 /* buttonMapPushed.png */; };
		099ACADC1A22AC5D00F568C0 /* degradePhoto.png in Resources */ = {isa = PBXBuildFile; fileRef = 099ACAD31A22AC5D00F568C0 /* degradePhoto.png */; };
		099ACAE11A22B2C100F568C0 /* Antonio-Light.ttf in Resources */ = {isa = PBXBuildFile; fileRef = 099ACADE1A22B2C100F568C0 /* Antonio-Light.ttf */; };
		099ACAE21A22B2C100F568C0 /* Antonio-Regular.ttf in Resources */ = {isa = PBXBuildFile; fileRef = 099ACADF1A22B2C100F568C0 /* Antonio-Regular.ttf */; };
		099ACAE31A22B2C100F568C0 /* Antonio-Bold.ttf in Resources */ = {isa = PBXBuildFile; fileRef = 099ACAE01A22B2C100F568C0 /* Antonio-Bold.ttf */; };
		099ACAE91A230F8F00F568C0 /* StartUpViewController.m in Sources */ = {isa = PBXBuildFile; fileRef = 099ACAE81A230F8F00F568C0 /* StartUpViewController.m */; };
		099ACAED1A23130000F568C0 /* buttonHeartRed.png in Resources */ = {isa = PBXBuildFile; fileRef = 099ACAEA1A23130000F568C0 /* buttonHeartRed.png */; };
		099ACAEE1A23130000F568C0 /* buttonHeartBlack.png in Resources */ = {isa = PBXBuildFile; fileRef = 099ACAEB1A23130000F568C0 /* buttonHeartBlack.png */; };
		099ACAEF1A23130000F568C0 /* buttonHeartWhite.png in Resources */ = {isa = PBXBuildFile; fileRef = 099ACAEC1A23130000F568C0 /* buttonHeartWhite.png */; };
		099ACAF81A2332B400F568C0 /* naval1.jpeg in Resources */ = {isa = PBXBuildFile; fileRef = 099ACAF11A2332B400F568C0 /* naval1.jpeg */; };
		099ACAF91A2332B400F568C0 /* naval2.jpeg in Resources */ = {isa = PBXBuildFile; fileRef = 099ACAF21A2332B400F568C0 /* naval2.jpeg */; };
		099ACAFA1A2332B400F568C0 /* naval3.jpeg in Resources */ = {isa = PBXBuildFile; fileRef = 099ACAF31A2332B400F568C0 /* naval3.jpeg */; };
		099ACAFB1A2332B400F568C0 /* naval4.jpeg in Resources */ = {isa = PBXBuildFile; fileRef = 099ACAF41A2332B400F568C0 /* naval4.jpeg */; };
		099ACAFC1A2332B400F568C0 /* naval5.jpeg in Resources */ = {isa = PBXBuildFile; fileRef = 099ACAF51A2332B400F568C0 /* naval5.jpeg */; };
		099ACAFD1A2332B400F568C0 /* naval6.jpeg in Resources */ = {isa = PBXBuildFile; fileRef = 099ACAF61A2332B400F568C0 /* naval6.jpeg */; };
		099ACAFE1A2332B400F568C0 /* naval7.jpeg in Resources */ = {isa = PBXBuildFile; fileRef = 099ACAF71A2332B400F568C0 /* naval7.jpeg */; };
		099ACB011A2332EB00F568C0 /* LieuDeTournage.m in Sources */ = {isa = PBXBuildFile; fileRef = 099ACB001A2332EB00F568C0 /* LieuDeTournage.m */; };
		099ACB041A23452D00F568C0 /* User.m in Sources */ = {isa = PBXBuildFile; fileRef = 099ACB031A23452D00F568C0 /* User.m */; };
		099ACB0D1A2354CC00F568C0 /* DetailDecorViewController.m in Sources */ = {isa = PBXBuildFile; fileRef = 099ACB0C1A2354CC00F568C0 /* DetailDecorViewController.m */; };
		099ACB241A23560D00F568C0 /* BACKBUTTON.png in Resources */ = {isa = PBXBuildFile; fileRef = 099ACB0F1A23560D00F568C0 /* BACKBUTTON.png */; };
		099ACB251A23560D00F568C0 /* BACKBUTTONPUSH.png in Resources */ = {isa = PBXBuildFile; fileRef = 099ACB101A23560D00F568C0 /* BACKBUTTONPUSH.png */; };
		099ACB261A23560D00F568C0 /* BARRETAG.png in Resources */ = {isa = PBXBuildFile; fileRef = 099ACB111A23560D00F568C0 /* BARRETAG.png */; };
		099ACB271A23560D00F568C0 /* BLACKBUTTON.png in Resources */ = {isa = PBXBuildFile; fileRef = 099ACB121A23560D00F568C0 /* BLACKBUTTON.png */; };
		099ACB281A23560D00F568C0 /* CLASSIFICATION.png in Resources */ = {isa = PBXBuildFile; fileRef = 099ACB131A23560D00F568C0 /* CLASSIFICATION.png */; };
		099ACB291A23560D00F568C0 /* FACEBOOK.png in Resources */ = {isa = PBXBuildFile; fileRef = 099ACB141A23560D00F568C0 /* FACEBOOK.png */; };
		099ACB2A1A23560D00F568C0 /* FACEBOOKPUSH.png in Resources */ = {isa = PBXBuildFile; fileRef = 099ACB151A23560D00F568C0 /* FACEBOOKPUSH.png */; };
		099ACB2B1A23560D00F568C0 /* FLICKR.png in Resources */ = {isa = PBXBuildFile; fileRef = 099ACB161A23560D00F568C0 /* FLICKR.png */; };
		099ACB2C1A23560D00F568C0 /* FLICKRPUSH.png in Resources */ = {isa = PBXBuildFile; fileRef = 099ACB171A23560D00F568C0 /* FLICKRPUSH.png */; };
		099ACB2D1A23560D00F568C0 /* INSTAGRAM.png in Resources */ = {isa = PBXBuildFile; fileRef = 099ACB181A23560D00F568C0 /* INSTAGRAM.png */; };
		099ACB2E1A23560D00F568C0 /* INSTAGRAMPUSH.png in Resources */ = {isa = PBXBuildFile; fileRef = 099ACB191A23560D00F568C0 /* INSTAGRAMPUSH.png */; };
		099ACB2F1A23560D00F568C0 /* LOCALISATION.png in Resources */ = {isa = PBXBuildFile; fileRef = 099ACB1A1A23560D00F568C0 /* LOCALISATION.png */; };
		099ACB301A23560D00F568C0 /* OKBUTTON.png in Resources */ = {isa = PBXBuildFile; fileRef = 099ACB1B1A23560D00F568C0 /* OKBUTTON.png */; };
		099ACB311A23560D00F568C0 /* OKBUTTONSANS.png in Resources */ = {isa = PBXBuildFile; fileRef = 099ACB1C1A23560D00F568C0 /* OKBUTTONSANS.png */; };
		099ACB321A23560D00F568C0 /* PHOTOBUTTON.png in Resources */ = {isa = PBXBuildFile; fileRef = 099ACB1D1A23560D00F568C0 /* PHOTOBUTTON.png */; };
		099ACB331A23560D00F568C0 /* PHOTOBUTTONPUSH.png in Resources */ = {isa = PBXBuildFile; fileRef = 099ACB1E1A23560D00F568C0 /* PHOTOBUTTONPUSH.png */; };
		099ACB341A23560D00F568C0 /* PINTEREST.png in Resources */ = {isa = PBXBuildFile; fileRef = 099ACB1F1A23560D00F568C0 /* PINTEREST.png */; };
		099ACB351A23560D00F568C0 /* PINTERESTPUSH.png in Resources */ = {isa = PBXBuildFile; fileRef = 099ACB201A23560D00F568C0 /* PINTERESTPUSH.png */; };
		099ACB361A23560D00F568C0 /* RECHERCHELIEUTOURNAGE.png in Resources */ = {isa = PBXBuildFile; fileRef = 099ACB211A23560D00F568C0 /* RECHERCHELIEUTOURNAGE.png */; };
		099ACB371A23560D00F568C0 /* TWITTER.png in Resources */ = {isa = PBXBuildFile; fileRef = 099ACB221A23560D00F568C0 /* TWITTER.png */; };
		099ACB381A23560D00F568C0 /* TWITTERPUSH.png in Resources */ = {isa = PBXBuildFile; fileRef = 099ACB231A23560D00F568C0 /* TWITTERPUSH.png */; };
		099ACB3B1A238D4500F568C0 /* ClassificationsViewController.m in Sources */ = {isa = PBXBuildFile; fileRef = 099ACB3A1A238D4500F568C0 /* ClassificationsViewController.m */; };
		09A8A7601A23C6D700E2F39D /* PAGERECHERCHE.png in Resources */ = {isa = PBXBuildFile; fileRef = 09A8A75F1A23C6D700E2F39D /* PAGERECHERCHE.png */; };
		09A8A7621A23C91300E2F39D /* PAGEPROJETMODIF.png in Resources */ = {isa = PBXBuildFile; fileRef = 09A8A7611A23C91300E2F39D /* PAGEPROJETMODIF.png */; };
		09A8A7641A23CC7600E2F39D /* pageconnexion.png in Resources */ = {isa = PBXBuildFile; fileRef = 09A8A7631A23CC7600E2F39D /* pageconnexion.png */; };
		09A8A7671A23CD2600E2F39D /* InscriptionViewController.m in Sources */ = {isa = PBXBuildFile; fileRef = 09A8A7661A23CD2600E2F39D /* InscriptionViewController.m */; };
		09D67E431A23BED1004CE2C7 /* PAGEPROJET.png in Resources */ = {isa = PBXBuildFile; fileRef = 09D67E421A23BED1004CE2C7 /* PAGEPROJET.png */; };
		09D67E451A23C077004CE2C7 /* PAGEDEMANDE.png in Resources */ = {isa = PBXBuildFile; fileRef = 09D67E441A23C077004CE2C7 /* PAGEDEMANDE.png */; };
/* End PBXBuildFile section */

/* Begin PBXFileReference section */
		092332801A225DDC00BF80FB /* AdoptingAnAnnotation.h */ = {isa = PBXFileReference; fileEncoding = 4; lastKnownFileType = sourcecode.c.h; path = AdoptingAnAnnotation.h; sourceTree = "<group>"; };
		092332811A225DDC00BF80FB /* AdoptingAnAnnotation.m */ = {isa = PBXFileReference; fileEncoding = 4; lastKnownFileType = sourcecode.c.objc; path = AdoptingAnAnnotation.m; sourceTree = "<group>"; };
		092D30401A23B51E0089FDDB /* boutoninscription.png */ = {isa = PBXFileReference; lastKnownFileType = image.png; path = boutoninscription.png; sourceTree = "<group>"; };
		092D30411A23B51E0089FDDB /* boutoninscriptionpush.png */ = {isa = PBXFileReference; lastKnownFileType = image.png; path = boutoninscriptionpush.png; sourceTree = "<group>"; };
		092D30451A23B83E0089FDDB /* PAGESECTIONS.png */ = {isa = PBXFileReference; lastKnownFileType = image.png; path = PAGESECTIONS.png; sourceTree = "<group>"; };
		092D30471A23B8B70089FDDB /* FakeDemoViewController.h */ = {isa = PBXFileReference; fileEncoding = 4; lastKnownFileType = sourcecode.c.h; name = FakeDemoViewController.h; path = ../FakeDemoViewController.h; sourceTree = "<group>"; };
		092D30481A23B8B70089FDDB /* FakeDemoViewController.m */ = {isa = PBXFileReference; fileEncoding = 4; lastKnownFileType = sourcecode.c.objc; name = FakeDemoViewController.m; path = ../FakeDemoViewController.m; sourceTree = "<group>"; };
		095187E01A22346000193100 /* Repérage.app */ = {isa = PBXFileReference; explicitFileType = wrapper.application; includeInIndex = 0; path = "Repérage.app"; sourceTree = BUILT_PRODUCTS_DIR; };
		095187E41A22346000193100 /* Info.plist */ = {isa = PBXFileReference; lastKnownFileType = text.plist.xml; path = Info.plist; sourceTree = "<group>"; };
		095187E51A22346000193100 /* main.m */ = {isa = PBXFileReference; lastKnownFileType = sourcecode.c.objc; path = main.m; sourceTree = "<group>"; };
		095187E71A22346000193100 /* AppDelegate.h */ = {isa = PBXFileReference; lastKnownFileType = sourcecode.c.h; path = AppDelegate.h; sourceTree = "<group>"; };
		095187E81A22346000193100 /* AppDelegate.m */ = {isa = PBXFileReference; lastKnownFileType = sourcecode.c.objc; path = AppDelegate.m; sourceTree = "<group>"; };
		095187EA1A22346000193100 /* LoginViewController.h */ = {isa = PBXFileReference; lastKnownFileType = sourcecode.c.h; path = LoginViewController.h; sourceTree = "<group>"; };
		095187EB1A22346000193100 /* LoginViewController.m */ = {isa = PBXFileReference; lastKnownFileType = sourcecode.c.objc; path = LoginViewController.m; sourceTree = "<group>"; };
		095187EE1A22346000193100 /* Base */ = {isa = PBXFileReference; lastKnownFileType = file.storyboard; name = Base; path = Base.lproj/Main.storyboard; sourceTree = "<group>"; };
		095187F01A22346000193100 /* Images.xcassets */ = {isa = PBXFileReference; lastKnownFileType = folder.assetcatalog; path = Images.xcassets; sourceTree = "<group>"; };
		095187F31A22346000193100 /* Base */ = {isa = PBXFileReference; lastKnownFileType = file.xib; name = Base; path = Base.lproj/LaunchScreen.xib; sourceTree = "<group>"; };
		095187FE1A22346000193100 /* Info.plist */ = {isa = PBXFileReference; lastKnownFileType = text.plist.xml; path = Info.plist; sourceTree = "<group>"; };
		095187FF1A22346000193100 /* ChocoPainTests.m */ = {isa = PBXFileReference; lastKnownFileType = sourcecode.c.objc; path = ChocoPainTests.m; sourceTree = "<group>"; };
		0951880A1A223F7800193100 /* Services.h */ = {isa = PBXFileReference; fileEncoding = 4; lastKnownFileType = sourcecode.c.h; name = Services.h; path = Services/Services.h; sourceTree = "<group>"; };
		0951880B1A223F7800193100 /* Services.m */ = {isa = PBXFileReference; fileEncoding = 4; lastKnownFileType = sourcecode.c.objc; name = Services.m; path = Services/Services.m; sourceTree = "<group>"; };
		0951880D1A22500B00193100 /* MapViewController.h */ = {isa = PBXFileReference; fileEncoding = 4; lastKnownFileType = sourcecode.c.h; path = MapViewController.h; sourceTree = "<group>"; };
		0951880E1A22500B00193100 /* MapViewController.m */ = {isa = PBXFileReference; fileEncoding = 4; lastKnownFileType = sourcecode.c.objc; path = MapViewController.m; sourceTree = "<group>"; };
		095188101A22540500193100 /* MapKit.framework */ = {isa = PBXFileReference; lastKnownFileType = wrapper.framework; name = MapKit.framework; path = System/Library/Frameworks/MapKit.framework; sourceTree = SDKROOT; };
		099ACAB81A227D9500F568C0 /* launch.png */ = {isa = PBXFileReference; lastKnownFileType = image.png; path = launch.png; sourceTree = "<group>"; };
		099ACABA1A22846A00F568C0 /* Classification.h */ = {isa = PBXFileReference; fileEncoding = 4; lastKnownFileType = sourcecode.c.h; path = Classification.h; sourceTree = "<group>"; };
		099ACABB1A22846A00F568C0 /* Classification.m */ = {isa = PBXFileReference; fileEncoding = 4; lastKnownFileType = sourcecode.c.objc; path = Classification.m; sourceTree = "<group>"; };
		099ACABD1A228D8100F568C0 /* DecorListViewController.h */ = {isa = PBXFileReference; fileEncoding = 4; lastKnownFileType = sourcecode.c.h; path = DecorListViewController.h; sourceTree = "<group>"; };
		099ACABE1A228D8100F568C0 /* DecorListViewController.m */ = {isa = PBXFileReference; fileEncoding = 4; lastKnownFileType = sourcecode.c.objc; path = DecorListViewController.m; sourceTree = "<group>"; };
		099ACAC01A229CFA00F568C0 /* reaButtonPushed.png */ = {isa = PBXFileReference; lastKnownFileType = image.png; path = reaButtonPushed.png; sourceTree = "<group>"; };
		099ACAC11A229CFA00F568C0 /* facebookButtonPushed.png */ = {isa = PBXFileReference; lastKnownFileType = image.png; path = facebookButtonPushed.png; sourceTree = "<group>"; };
		099ACAC21A229CFA00F568C0 /* facebookButton.png */ = {isa = PBXFileReference; lastKnownFileType = image.png; path = facebookButton.png; sourceTree = "<group>"; };
		099ACAC31A229CFA00F568C0 /* reaButton.png */ = {isa = PBXFileReference; lastKnownFileType = image.png; path = reaButton.png; sourceTree = "<group>"; };
		099ACAC41A229CFA00F568C0 /* loginScreen.png */ = {isa = PBXFileReference; lastKnownFileType = image.png; path = loginScreen.png; sourceTree = "<group>"; };
		099ACACB1A22AC5D00F568C0 /* buttonExit.png */ = {isa = PBXFileReference; lastKnownFileType = image.png; path = buttonExit.png; sourceTree = "<group>"; };
		099ACACC1A22AC5D00F568C0 /* buttonExitPushed.png */ = {isa = PBXFileReference; lastKnownFileType = image.png; path = buttonExitPushed.png; sourceTree = "<group>"; };
		099ACACF1A22AC5D00F568C0 /* buttonPerso.png */ = {isa = PBXFileReference; lastKnownFileType = image.png; path = buttonPerso.png; sourceTree = "<group>"; };
		099ACAD01A22AC5D00F568C0 /* buttonPersoPushed.png */ = {isa = PBXFileReference; lastKnownFileType = image.png; path = buttonPersoPushed.png; sourceTree = "<group>"; };
		099ACAD11A22AC5D00F568C0 /* buttonMap.png */ = {isa = PBXFileReference; lastKnownFileType = image.png; path = buttonMap.png; sourceTree = "<group>"; };
		099ACAD21A22AC5D00F568C0 /* buttonMapPushed.png */ = {isa = PBXFileReference; lastKnownFileType = image.png; path = buttonMapPushed.png; sourceTree = "<group>"; };
		099ACAD31A22AC5D00F568C0 /* degradePhoto.png */ = {isa = PBXFileReference; lastKnownFileType = image.png; path = degradePhoto.png; sourceTree = "<group>"; };
		099ACADE1A22B2C100F568C0 /* Antonio-Light.ttf */ = {isa = PBXFileReference; lastKnownFileType = file; path = "Antonio-Light.ttf"; sourceTree = "<group>"; };
		099ACADF1A22B2C100F568C0 /* Antonio-Regular.ttf */ = {isa = PBXFileReference; lastKnownFileType = file; path = "Antonio-Regular.ttf"; sourceTree = "<group>"; };
		099ACAE01A22B2C100F568C0 /* Antonio-Bold.ttf */ = {isa = PBXFileReference; lastKnownFileType = file; path = "Antonio-Bold.ttf"; sourceTree = "<group>"; };
		099ACAE71A230F8F00F568C0 /* StartUpViewController.h */ = {isa = PBXFileReference; fileEncoding = 4; lastKnownFileType = sourcecode.c.h; path = StartUpViewController.h; sourceTree = "<group>"; };
		099ACAE81A230F8F00F568C0 /* StartUpViewController.m */ = {isa = PBXFileReference; fileEncoding = 4; lastKnownFileType = sourcecode.c.objc; path = StartUpViewController.m; sourceTree = "<group>"; };
		099ACAEA1A23130000F568C0 /* buttonHeartRed.png */ = {isa = PBXFileReference; lastKnownFileType = image.png; path = buttonHeartRed.png; sourceTree = "<group>"; };
		099ACAEB1A23130000F568C0 /* buttonHeartBlack.png */ = {isa = PBXFileReference; lastKnownFileType = image.png; path = buttonHeartBlack.png; sourceTree = "<group>"; };
		099ACAEC1A23130000F568C0 /* buttonHeartWhite.png */ = {isa = PBXFileReference; lastKnownFileType = image.png; path = buttonHeartWhite.png; sourceTree = "<group>"; };
		099ACAF11A2332B400F568C0 /* naval1.jpeg */ = {isa = PBXFileReference; lastKnownFileType = image.jpeg; path = naval1.jpeg; sourceTree = "<group>"; };
		099ACAF21A2332B400F568C0 /* naval2.jpeg */ = {isa = PBXFileReference; lastKnownFileType = image.jpeg; path = naval2.jpeg; sourceTree = "<group>"; };
		099ACAF31A2332B400F568C0 /* naval3.jpeg */ = {isa = PBXFileReference; lastKnownFileType = image.jpeg; path = naval3.jpeg; sourceTree = "<group>"; };
		099ACAF41A2332B400F568C0 /* naval4.jpeg */ = {isa = PBXFileReference; lastKnownFileType = image.jpeg; path = naval4.jpeg; sourceTree = "<group>"; };
		099ACAF51A2332B400F568C0 /* naval5.jpeg */ = {isa = PBXFileReference; lastKnownFileType = image.jpeg; path = naval5.jpeg; sourceTree = "<group>"; };
		099ACAF61A2332B400F568C0 /* naval6.jpeg */ = {isa = PBXFileReference; lastKnownFileType = image.jpeg; path = naval6.jpeg; sourceTree = "<group>"; };
		099ACAF71A2332B400F568C0 /* naval7.jpeg */ = {isa = PBXFileReference; lastKnownFileType = image.jpeg; path = naval7.jpeg; sourceTree = "<group>"; };
		099ACAFF1A2332EB00F568C0 /* LieuDeTournage.h */ = {isa = PBXFileReference; fileEncoding = 4; lastKnownFileType = sourcecode.c.h; path = LieuDeTournage.h; sourceTree = "<group>"; };
		099ACB001A2332EB00F568C0 /* LieuDeTournage.m */ = {isa = PBXFileReference; fileEncoding = 4; lastKnownFileType = sourcecode.c.objc; path = LieuDeTournage.m; sourceTree = "<group>"; };
		099ACB021A23452D00F568C0 /* User.h */ = {isa = PBXFileReference; fileEncoding = 4; lastKnownFileType = sourcecode.c.h; path = User.h; sourceTree = "<group>"; };
		099ACB031A23452D00F568C0 /* User.m */ = {isa = PBXFileReference; fileEncoding = 4; lastKnownFileType = sourcecode.c.objc; path = User.m; sourceTree = "<group>"; };
		099ACB0B1A2354CC00F568C0 /* DetailDecorViewController.h */ = {isa = PBXFileReference; fileEncoding = 4; lastKnownFileType = sourcecode.c.h; path = DetailDecorViewController.h; sourceTree = "<group>"; };
		099ACB0C1A2354CC00F568C0 /* DetailDecorViewController.m */ = {isa = PBXFileReference; fileEncoding = 4; lastKnownFileType = sourcecode.c.objc; path = DetailDecorViewController.m; sourceTree = "<group>"; };
		099ACB0F1A23560D00F568C0 /* BACKBUTTON.png */ = {isa = PBXFileReference; lastKnownFileType = image.png; path = BACKBUTTON.png; sourceTree = "<group>"; };
		099ACB101A23560D00F568C0 /* BACKBUTTONPUSH.png */ = {isa = PBXFileReference; lastKnownFileType = image.png; path = BACKBUTTONPUSH.png; sourceTree = "<group>"; };
		099ACB111A23560D00F568C0 /* BARRETAG.png */ = {isa = PBXFileReference; lastKnownFileType = image.png; path = BARRETAG.png; sourceTree = "<group>"; };
		099ACB121A23560D00F568C0 /* BLACKBUTTON.png */ = {isa = PBXFileReference; lastKnownFileType = image.png; path = BLACKBUTTON.png; sourceTree = "<group>"; };
		099ACB131A23560D00F568C0 /* CLASSIFICATION.png */ = {isa = PBXFileReference; lastKnownFileType = image.png; path = CLASSIFICATION.png; sourceTree = "<group>"; };
		099ACB141A23560D00F568C0 /* FACEBOOK.png */ = {isa = PBXFileReference; lastKnownFileType = image.png; path = FACEBOOK.png; sourceTree = "<group>"; };
		099ACB151A23560D00F568C0 /* FACEBOOKPUSH.png */ = {isa = PBXFileReference; lastKnownFileType = image.png; path = FACEBOOKPUSH.png; sourceTree = "<group>"; };
		099ACB161A23560D00F568C0 /* FLICKR.png */ = {isa = PBXFileReference; lastKnownFileType = image.png; path = FLICKR.png; sourceTree = "<group>"; };
		099ACB171A23560D00F568C0 /* FLICKRPUSH.png */ = {isa = PBXFileReference; lastKnownFileType = image.png; path = FLICKRPUSH.png; sourceTree = "<group>"; };
		099ACB181A23560D00F568C0 /* INSTAGRAM.png */ = {isa = PBXFileReference; lastKnownFileType = image.png; path = INSTAGRAM.png; sourceTree = "<group>"; };
		099ACB191A23560D00F568C0 /* INSTAGRAMPUSH.png */ = {isa = PBXFileReference; lastKnownFileType = image.png; path = INSTAGRAMPUSH.png; sourceTree = "<group>"; };
		099ACB1A1A23560D00F568C0 /* LOCALISATION.png */ = {isa = PBXFileReference; lastKnownFileType = image.png; path = LOCALISATION.png; sourceTree = "<group>"; };
		099ACB1B1A23560D00F568C0 /* OKBUTTON.png */ = {isa = PBXFileReference; lastKnownFileType = image.png; path = OKBUTTON.png; sourceTree = "<group>"; };
		099ACB1C1A23560D00F568C0 /* OKBUTTONSANS.png */ = {isa = PBXFileReference; lastKnownFileType = image.png; path = OKBUTTONSANS.png; sourceTree = "<group>"; };
		099ACB1D1A23560D00F568C0 /* PHOTOBUTTON.png */ = {isa = PBXFileReference; lastKnownFileType = image.png; path = PHOTOBUTTON.png; sourceTree = "<group>"; };
		099ACB1E1A23560D00F568C0 /* PHOTOBUTTONPUSH.png */ = {isa = PBXFileReference; lastKnownFileType = image.png; path = PHOTOBUTTONPUSH.png; sourceTree = "<group>"; };
		099ACB1F1A23560D00F568C0 /* PINTEREST.png */ = {isa = PBXFileReference; lastKnownFileType = image.png; path = PINTEREST.png; sourceTree = "<group>"; };
		099ACB201A23560D00F568C0 /* PINTERESTPUSH.png */ = {isa = PBXFileReference; lastKnownFileType = image.png; path = PINTERESTPUSH.png; sourceTree = "<group>"; };
		099ACB211A23560D00F568C0 /* RECHERCHELIEUTOURNAGE.png */ = {isa = PBXFileReference; lastKnownFileType = image.png; path = RECHERCHELIEUTOURNAGE.png; sourceTree = "<group>"; };
		099ACB221A23560D00F568C0 /* TWITTER.png */ = {isa = PBXFileReference; lastKnownFileType = image.png; path = TWITTER.png; sourceTree = "<group>"; };
		099ACB231A23560D00F568C0 /* TWITTERPUSH.png */ = {isa = PBXFileReference; lastKnownFileType = image.png; path = TWITTERPUSH.png; sourceTree = "<group>"; };
		099ACB391A238D4500F568C0 /* ClassificationsViewController.h */ = {isa = PBXFileReference; fileEncoding = 4; lastKnownFileType = sourcecode.c.h; path = ClassificationsViewController.h; sourceTree = "<group>"; };
		099ACB3A1A238D4500F568C0 /* ClassificationsViewController.m */ = {isa = PBXFileReference; fileEncoding = 4; lastKnownFileType = sourcecode.c.objc; path = ClassificationsViewController.m; sourceTree = "<group>"; };
		09A8A75F1A23C6D700E2F39D /* PAGERECHERCHE.png */ = {isa = PBXFileReference; lastKnownFileType = image.png; path = PAGERECHERCHE.png; sourceTree = "<group>"; };
		09A8A7611A23C91300E2F39D /* PAGEPROJETMODIF.png */ = {isa = PBXFileReference; lastKnownFileType = image.png; path = PAGEPROJETMODIF.png; sourceTree = "<group>"; };
		09A8A7631A23CC7600E2F39D /* pageconnexion.png */ = {isa = PBXFileReference; lastKnownFileType = image.png; name = pageconnexion.png; path = "Detail Decor/pageconnexion.png"; sourceTree = "<group>"; };
		09A8A7651A23CD2600E2F39D /* InscriptionViewController.h */ = {isa = PBXFileReference; fileEncoding = 4; lastKnownFileType = sourcecode.c.h; path = InscriptionViewController.h; sourceTree = "<group>"; };
		09A8A7661A23CD2600E2F39D /* InscriptionViewController.m */ = {isa = PBXFileReference; fileEncoding = 4; lastKnownFileType = sourcecode.c.objc; path = InscriptionViewController.m; sourceTree = "<group>"; };
		09D67E421A23BED1004CE2C7 /* PAGEPROJET.png */ = {isa = PBXFileReference; lastKnownFileType = image.png; path = PAGEPROJET.png; sourceTree = "<group>"; };
		09D67E441A23C077004CE2C7 /* PAGEDEMANDE.png */ = {isa = PBXFileReference; lastKnownFileType = image.png; path = PAGEDEMANDE.png; sourceTree = "<group>"; };
/* End PBXFileReference section */

/* Begin PBXFrameworksBuildPhase section */
		095187DD1A22346000193100 /* Frameworks */ = {
			isa = PBXFrameworksBuildPhase;
			buildActionMask = 2147483647;
			files = (
				095188111A22540500193100 /* MapKit.framework in Frameworks */,
			);
			runOnlyForDeploymentPostprocessing = 0;
		};
/* End PBXFrameworksBuildPhase section */

/* Begin PBXGroup section */
		092D30441A23B8230089FDDB /* FakeImage */ = {
			isa = PBXGroup;
			children = (
				092D30451A23B83E0089FDDB /* PAGESECTIONS.png */,
				09D67E421A23BED1004CE2C7 /* PAGEPROJET.png */,
				09D67E441A23C077004CE2C7 /* PAGEDEMANDE.png */,
				09A8A75F1A23C6D700E2F39D /* PAGERECHERCHE.png */,
				09A8A7611A23C91300E2F39D /* PAGEPROJETMODIF.png */,
			);
			name = FakeImage;
			sourceTree = "<group>";
		};
		095187D71A22346000193100 = {
			isa = PBXGroup;
			children = (
				095187E21A22346000193100 /* ChocoPain */,
				095187FC1A22346000193100 /* ChocoPainTests */,
				095187E11A22346000193100 /* Products */,
			);
			sourceTree = "<group>";
		};
		095187E11A22346000193100 /* Products */ = {
			isa = PBXGroup;
			children = (
				095187E01A22346000193100 /* Repérage.app */,
			);
			name = Products;
			sourceTree = "<group>";
		};
		095187E21A22346000193100 /* ChocoPain */ = {
			isa = PBXGroup;
			children = (
				099ACAB71A227D8400F568C0 /* Images */,
				095188091A223F4700193100 /* Services */,
				095187E71A22346000193100 /* AppDelegate.h */,
				095187E81A22346000193100 /* AppDelegate.m */,
				099ACAE71A230F8F00F568C0 /* StartUpViewController.h */,
				099ACAE81A230F8F00F568C0 /* StartUpViewController.m */,
				095187EA1A22346000193100 /* LoginViewController.h */,
				095187EB1A22346000193100 /* LoginViewController.m */,
				095187ED1A22346000193100 /* Main.storyboard */,
				095187F01A22346000193100 /* Images.xcassets */,
				095187F21A22346000193100 /* LaunchScreen.xib */,
				099ACABD1A228D8100F568C0 /* DecorListViewController.h */,
				099ACABE1A228D8100F568C0 /* DecorListViewController.m */,
				099ACB0B1A2354CC00F568C0 /* DetailDecorViewController.h */,
				099ACB0C1A2354CC00F568C0 /* DetailDecorViewController.m */,
				0951880D1A22500B00193100 /* MapViewController.h */,
				0951880E1A22500B00193100 /* MapViewController.m */,
				099ACB391A238D4500F568C0 /* ClassificationsViewController.h */,
				099ACB3A1A238D4500F568C0 /* ClassificationsViewController.m */,
				092332801A225DDC00BF80FB /* AdoptingAnAnnotation.h */,
				092332811A225DDC00BF80FB /* AdoptingAnAnnotation.m */,
				09A8A7651A23CD2600E2F39D /* InscriptionViewController.h */,
				09A8A7661A23CD2600E2F39D /* InscriptionViewController.m */,
				092D30471A23B8B70089FDDB /* FakeDemoViewController.h */,
				092D30481A23B8B70089FDDB /* FakeDemoViewController.m */,
				095188121A22541300193100 /* Frameworks */,
				095187E31A22346000193100 /* Supporting Files */,
			);
			path = ChocoPain;
			sourceTree = "<group>";
		};
		095187E31A22346000193100 /* Supporting Files */ = {
			isa = PBXGroup;
			children = (
				099ACADD1A22B2B200F568C0 /* Fonts */,
				095187E41A22346000193100 /* Info.plist */,
				095187E51A22346000193100 /* main.m */,
			);
			name = "Supporting Files";
			sourceTree = "<group>";
		};
		095187FC1A22346000193100 /* ChocoPainTests */ = {
			isa = PBXGroup;
			children = (
				095187FF1A22346000193100 /* ChocoPainTests.m */,
				095187FD1A22346000193100 /* Supporting Files */,
			);
			path = ChocoPainTests;
			sourceTree = "<group>";
		};
		095187FD1A22346000193100 /* Supporting Files */ = {
			isa = PBXGroup;
			children = (
				095187FE1A22346000193100 /* Info.plist */,
			);
			name = "Supporting Files";
			sourceTree = "<group>";
		};
		095188091A223F4700193100 /* Services */ = {
			isa = PBXGroup;
			children = (
				0951880A1A223F7800193100 /* Services.h */,
				0951880B1A223F7800193100 /* Services.m */,
				099ACABA1A22846A00F568C0 /* Classification.h */,
				099ACABB1A22846A00F568C0 /* Classification.m */,
				099ACAFF1A2332EB00F568C0 /* LieuDeTournage.h */,
				099ACB001A2332EB00F568C0 /* LieuDeTournage.m */,
				099ACB021A23452D00F568C0 /* User.h */,
				099ACB031A23452D00F568C0 /* User.m */,
			);
			name = Services;
			sourceTree = "<group>";
		};
		095188121A22541300193100 /* Frameworks */ = {
			isa = PBXGroup;
			children = (
				095188101A22540500193100 /* MapKit.framework */,
			);
			name = Frameworks;
			sourceTree = "<group>";
		};
		099ACAB71A227D8400F568C0 /* Images */ = {
			isa = PBXGroup;
			children = (
				092D30441A23B8230089FDDB /* FakeImage */,
				099ACAF01A2332B400F568C0 /* Chantier Naval */,
				099ACACA1A22AC4B00F568C0 /* DecorList */,
				099ACB0E1A23560D00F568C0 /* Detail Decor */,
				09A8A7631A23CC7600E2F39D /* pageconnexion.png */,
				099ACAB81A227D9500F568C0 /* launch.png */,
				099ACAC41A229CFA00F568C0 /* loginScreen.png */,
				092D30401A23B51E0089FDDB /* boutoninscription.png */,
				092D30411A23B51E0089FDDB /* boutoninscriptionpush.png */,
				099ACAC31A229CFA00F568C0 /* reaButton.png */,
				099ACAC01A229CFA00F568C0 /* reaButtonPushed.png */,
				099ACAC11A229CFA00F568C0 /* facebookButtonPushed.png */,
				099ACAC21A229CFA00F568C0 /* facebookButton.png */,
			);
			name = Images;
			sourceTree = "<group>";
		};
		099ACACA1A22AC4B00F568C0 /* DecorList */ = {
			isa = PBXGroup;
			children = (
				099ACAEA1A23130000F568C0 /* buttonHeartRed.png */,
				099ACAEB1A23130000F568C0 /* buttonHeartBlack.png */,
				099ACAEC1A23130000F568C0 /* buttonHeartWhite.png */,
				099ACACB1A22AC5D00F568C0 /* buttonExit.png */,
				099ACACC1A22AC5D00F568C0 /* buttonExitPushed.png */,
				099ACACF1A22AC5D00F568C0 /* buttonPerso.png */,
				099ACAD01A22AC5D00F568C0 /* buttonPersoPushed.png */,
				099ACAD11A22AC5D00F568C0 /* buttonMap.png */,
				099ACAD21A22AC5D00F568C0 /* buttonMapPushed.png */,
				099ACAD31A22AC5D00F568C0 /* degradePhoto.png */,
			);
			name = DecorList;
			sourceTree = "<group>";
		};
		099ACADD1A22B2B200F568C0 /* Fonts */ = {
			isa = PBXGroup;
			children = (
				099ACADE1A22B2C100F568C0 /* Antonio-Light.ttf */,
				099ACADF1A22B2C100F568C0 /* Antonio-Regular.ttf */,
				099ACAE01A22B2C100F568C0 /* Antonio-Bold.ttf */,
			);
			name = Fonts;
			sourceTree = "<group>";
		};
		099ACAF01A2332B400F568C0 /* Chantier Naval */ = {
			isa = PBXGroup;
			children = (
				099ACAF11A2332B400F568C0 /* naval1.jpeg */,
				099ACAF21A2332B400F568C0 /* naval2.jpeg */,
				099ACAF31A2332B400F568C0 /* naval3.jpeg */,
				099ACAF41A2332B400F568C0 /* naval4.jpeg */,
				099ACAF51A2332B400F568C0 /* naval5.jpeg */,
				099ACAF61A2332B400F568C0 /* naval6.jpeg */,
				099ACAF71A2332B400F568C0 /* naval7.jpeg */,
			);
			path = "Chantier Naval";
			sourceTree = "<group>";
		};
		099ACB0E1A23560D00F568C0 /* Detail Decor */ = {
			isa = PBXGroup;
			children = (
				099ACB0F1A23560D00F568C0 /* BACKBUTTON.png */,
				099ACB101A23560D00F568C0 /* BACKBUTTONPUSH.png */,
				099ACB111A23560D00F568C0 /* BARRETAG.png */,
				099ACB121A23560D00F568C0 /* BLACKBUTTON.png */,
				099ACB131A23560D00F568C0 /* CLASSIFICATION.png */,
				099ACB141A23560D00F568C0 /* FACEBOOK.png */,
				099ACB151A23560D00F568C0 /* FACEBOOKPUSH.png */,
				099ACB161A23560D00F568C0 /* FLICKR.png */,
				099ACB171A23560D00F568C0 /* FLICKRPUSH.png */,
				099ACB181A23560D00F568C0 /* INSTAGRAM.png */,
				099ACB191A23560D00F568C0 /* INSTAGRAMPUSH.png */,
				099ACB1A1A23560D00F568C0 /* LOCALISATION.png */,
				099ACB1B1A23560D00F568C0 /* OKBUTTON.png */,
				099ACB1C1A23560D00F568C0 /* OKBUTTONSANS.png */,
				099ACB1D1A23560D00F568C0 /* PHOTOBUTTON.png */,
				099ACB1E1A23560D00F568C0 /* PHOTOBUTTONPUSH.png */,
				099ACB1F1A23560D00F568C0 /* PINTEREST.png */,
				099ACB201A23560D00F568C0 /* PINTERESTPUSH.png */,
				099ACB211A23560D00F568C0 /* RECHERCHELIEUTOURNAGE.png */,
				099ACB221A23560D00F568C0 /* TWITTER.png */,
				099ACB231A23560D00F568C0 /* TWITTERPUSH.png */,
			);
			path = "Detail Decor";
			sourceTree = "<group>";
		};
/* End PBXGroup section */

/* Begin PBXNativeTarget section */
		095187DF1A22346000193100 /* Repérage */ = {
			isa = PBXNativeTarget;
			buildConfigurationList = 095188031A22346000193100 /* Build configuration list for PBXNativeTarget "Repérage" */;
			buildPhases = (
				095187DC1A22346000193100 /* Sources */,
				095187DD1A22346000193100 /* Frameworks */,
				095187DE1A22346000193100 /* Resources */,
			);
			buildRules = (
			);
			dependencies = (
			);
			name = "Repérage";
			productName = ChocoPain;
			productReference = 095187E01A22346000193100 /* Repérage.app */;
			productType = "com.apple.product-type.application";
		};
/* End PBXNativeTarget section */

/* Begin PBXProject section */
		095187D81A22346000193100 /* Project object */ = {
			isa = PBXProject;
			attributes = {
				LastUpgradeCheck = 0610;
				ORGANIZATIONNAME = "Hervé";
				TargetAttributes = {
					095187DF1A22346000193100 = {
						CreatedOnToolsVersion = 6.1;
						DevelopmentTeam = R6TPU48UH8;
					};
				};
			};
			buildConfigurationList = 095187DB1A22346000193100 /* Build configuration list for PBXProject "ChocoPain" */;
			compatibilityVersion = "Xcode 3.2";
			developmentRegion = English;
			hasScannedForEncodings = 0;
			knownRegions = (
				en,
				Base,
			);
			mainGroup = 095187D71A22346000193100;
			productRefGroup = 095187E11A22346000193100 /* Products */;
			projectDirPath = "";
			projectRoot = "";
			targets = (
				095187DF1A22346000193100 /* Repérage */,
			);
		};
/* End PBXProject section */

/* Begin PBXResourcesBuildPhase section */
		095187DE1A22346000193100 /* Resources */ = {
			isa = PBXResourcesBuildPhase;
			buildActionMask = 2147483647;
			files = (
				099ACAC71A229CFA00F568C0 /* facebookButton.png in Resources */,
				099ACAD91A22AC5D00F568C0 /* buttonPersoPushed.png in Resources */,
				099ACAE21A22B2C100F568C0 /* Antonio-Regular.ttf in Resources */,
				099ACAD41A22AC5D00F568C0 /* buttonExit.png in Resources */,
				099ACAFC1A2332B400F568C0 /* naval5.jpeg in Resources */,
				099ACADB1A22AC5D00F568C0 /* buttonMapPushed.png in Resources */,
				099ACB311A23560D00F568C0 /* OKBUTTONSANS.png in Resources */,
				099ACAEE1A23130000F568C0 /* buttonHeartBlack.png in Resources */,
				092D30421A23B51E0089FDDB /* boutoninscription.png in Resources */,
				099ACB341A23560D00F568C0 /* PINTEREST.png in Resources */,
				099ACB351A23560D00F568C0 /* PINTERESTPUSH.png in Resources */,
				099ACB281A23560D00F568C0 /* CLASSIFICATION.png in Resources */,
				099ACAB91A227D9500F568C0 /* launch.png in Resources */,
				09D67E451A23C077004CE2C7 /* PAGEDEMANDE.png in Resources */,
				09A8A7641A23CC7600E2F39D /* pageconnexion.png in Resources */,
				099ACB2F1A23560D00F568C0 /* LOCALISATION.png in Resources */,
				099ACB2A1A23560D00F568C0 /* FACEBOOKPUSH.png in Resources */,
				099ACB2E1A23560D00F568C0 /* INSTAGRAMPUSH.png in Resources */,
				099ACAC91A229CFA00F568C0 /* loginScreen.png in Resources */,
				095187EF1A22346000193100 /* Main.storyboard in Resources */,
				099ACB291A23560D00F568C0 /* FACEBOOK.png in Resources */,
				099ACB2D1A23560D00F568C0 /* INSTAGRAM.png in Resources */,
				099ACAFA1A2332B400F568C0 /* naval3.jpeg in Resources */,
				099ACAFD1A2332B400F568C0 /* naval6.jpeg in Resources */,
				099ACB271A23560D00F568C0 /* BLACKBUTTON.png in Resources */,
				099ACAE11A22B2C100F568C0 /* Antonio-Light.ttf in Resources */,
				092D30461A23B83E0089FDDB /* PAGESECTIONS.png in Resources */,
				09A8A7601A23C6D700E2F39D /* PAGERECHERCHE.png in Resources */,
				09D67E431A23BED1004CE2C7 /* PAGEPROJET.png in Resources */,
				095187F41A22346000193100 /* LaunchScreen.xib in Resources */,
				099ACB321A23560D00F568C0 /* PHOTOBUTTON.png in Resources */,
				099ACB331A23560D00F568C0 /* PHOTOBUTTONPUSH.png in Resources */,
				099ACAFE1A2332B400F568C0 /* naval7.jpeg in Resources */,
				099ACAD81A22AC5D00F568C0 /* buttonPerso.png in Resources */,
				092D30431A23B51E0089FDDB /* boutoninscriptionpush.png in Resources */,
				099ACB241A23560D00F568C0 /* BACKBUTTON.png in Resources */,
				099ACB251A23560D00F568C0 /* BACKBUTTONPUSH.png in Resources */,
				099ACAE31A22B2C100F568C0 /* Antonio-Bold.ttf in Resources */,
				099ACB381A23560D00F568C0 /* TWITTERPUSH.png in Resources */,
				099ACADC1A22AC5D00F568C0 /* degradePhoto.png in Resources */,
				099ACB2C1A23560D00F568C0 /* FLICKRPUSH.png in Resources */,
				099ACAC61A229CFA00F568C0 /* facebookButtonPushed.png in Resources */,
				099ACB301A23560D00F568C0 /* OKBUTTON.png in Resources */,
				099ACAEF1A23130000F568C0 /* buttonHeartWhite.png in Resources */,
				099ACADA1A22AC5D00F568C0 /* buttonMap.png in Resources */,
				099ACAF81A2332B400F568C0 /* naval1.jpeg in Resources */,
				099ACB371A23560D00F568C0 /* TWITTER.png in Resources */,
				099ACB2B1A23560D00F568C0 /* FLICKR.png in Resources */,
				099ACAD51A22AC5D00F568C0 /* buttonExitPushed.png in Resources */,
				099ACB261A23560D00F568C0 /* BARRETAG.png in Resources */,
				099ACB361A23560D00F568C0 /* RECHERCHELIEUTOURNAGE.png in Resources */,
				09A8A7621A23C91300E2F39D /* PAGEPROJETMODIF.png in Resources */,
				099ACAF91A2332B400F568C0 /* naval2.jpeg in Resources */,
				099ACAC51A229CFA00F568C0 /* reaButtonPushed.png in Resources */,
				099ACAC81A229CFA00F568C0 /* reaButton.png in Resources */,
				099ACAED1A23130000F568C0 /* buttonHeartRed.png in Resources */,
				095187F11A22346000193100 /* Images.xcassets in Resources */,
				099ACAFB1A2332B400F568C0 /* naval4.jpeg in Resources */,
			);
			runOnlyForDeploymentPostprocessing = 0;
		};
/* End PBXResourcesBuildPhase section */

/* Begin PBXSourcesBuildPhase section */
		095187DC1A22346000193100 /* Sources */ = {
			isa = PBXSourcesBuildPhase;
			buildActionMask = 2147483647;
			files = (
				095187EC1A22346000193100 /* LoginViewController.m in Sources */,
				0951880C1A223F7800193100 /* Services.m in Sources */,
				099ACB3B1A238D4500F568C0 /* ClassificationsViewController.m in Sources */,
				099ACAE91A230F8F00F568C0 /* StartUpViewController.m in Sources */,
				0951880F1A22500B00193100 /* MapViewController.m in Sources */,
				095187E91A22346000193100 /* AppDelegate.m in Sources */,
				099ACB0D1A2354CC00F568C0 /* DetailDecorViewController.m in Sources */,
				099ACABF1A228D8100F568C0 /* DecorListViewController.m in Sources */,
				092D30491A23B8B70089FDDB /* FakeDemoViewController.m in Sources */,
				099ACB041A23452D00F568C0 /* User.m in Sources */,
				09A8A7671A23CD2600E2F39D /* InscriptionViewController.m in Sources */,
				099ACB011A2332EB00F568C0 /* LieuDeTournage.m in Sources */,
				095187E61A22346000193100 /* main.m in Sources */,
				099ACABC1A22846A00F568C0 /* Classification.m in Sources */,
				092332821A225DDC00BF80FB /* AdoptingAnAnnotation.m in Sources */,
			);
			runOnlyForDeploymentPostprocessing = 0;
		};
/* End PBXSourcesBuildPhase section */

/* Begin PBXVariantGroup section */
		095187ED1A22346000193100 /* Main.storyboard */ = {
			isa = PBXVariantGroup;
			children = (
				095187EE1A22346000193100 /* Base */,
			);
			name = Main.storyboard;
			sourceTree = "<group>";
		};
		095187F21A22346000193100 /* LaunchScreen.xib */ = {
			isa = PBXVariantGroup;
			children = (
				095187F31A22346000193100 /* Base */,
			);
			name = LaunchScreen.xib;
			sourceTree = "<group>";
		};
/* End PBXVariantGroup section */

/* Begin XCBuildConfiguration section */
		095188011A22346000193100 /* Debug */ = {
			isa = XCBuildConfiguration;
			buildSettings = {
				ALWAYS_SEARCH_USER_PATHS = NO;
				CLANG_CXX_LANGUAGE_STANDARD = "gnu++0x";
				CLANG_CXX_LIBRARY = "libc++";
				CLANG_ENABLE_MODULES = YES;
				CLANG_ENABLE_OBJC_ARC = YES;
				CLANG_WARN_BOOL_CONVERSION = YES;
				CLANG_WARN_CONSTANT_CONVERSION = YES;
				CLANG_WARN_DIRECT_OBJC_ISA_USAGE = YES_ERROR;
				CLANG_WARN_EMPTY_BODY = YES;
				CLANG_WARN_ENUM_CONVERSION = YES;
				CLANG_WARN_INT_CONVERSION = YES;
				CLANG_WARN_OBJC_ROOT_CLASS = YES_ERROR;
				CLANG_WARN_UNREACHABLE_CODE = YES;
				CLANG_WARN__DUPLICATE_METHOD_MATCH = YES;
				COPY_PHASE_STRIP = NO;
				ENABLE_STRICT_OBJC_MSGSEND = YES;
				GCC_C_LANGUAGE_STANDARD = gnu99;
				GCC_DYNAMIC_NO_PIC = NO;
				GCC_OPTIMIZATION_LEVEL = 0;
				GCC_PREPROCESSOR_DEFINITIONS = (
					"DEBUG=1",
					"$(inherited)",
				);
				GCC_SYMBOLS_PRIVATE_EXTERN = NO;
				GCC_WARN_64_TO_32_BIT_CONVERSION = YES;
				GCC_WARN_ABOUT_RETURN_TYPE = YES_ERROR;
				GCC_WARN_UNDECLARED_SELECTOR = YES;
				GCC_WARN_UNINITIALIZED_AUTOS = YES_AGGRESSIVE;
				GCC_WARN_UNUSED_FUNCTION = YES;
				GCC_WARN_UNUSED_VARIABLE = YES;
				IPHONEOS_DEPLOYMENT_TARGET = 8.1;
				MTL_ENABLE_DEBUG_INFO = YES;
				ONLY_ACTIVE_ARCH = YES;
				SDKROOT = iphoneos;
			};
			name = Debug;
		};
		095188021A22346000193100 /* Release */ = {
			isa = XCBuildConfiguration;
			buildSettings = {
				ALWAYS_SEARCH_USER_PATHS = NO;
				CLANG_CXX_LANGUAGE_STANDARD = "gnu++0x";
				CLANG_CXX_LIBRARY = "libc++";
				CLANG_ENABLE_MODULES = YES;
				CLANG_ENABLE_OBJC_ARC = YES;
				CLANG_WARN_BOOL_CONVERSION = YES;
				CLANG_WARN_CONSTANT_CONVERSION = YES;
				CLANG_WARN_DIRECT_OBJC_ISA_USAGE = YES_ERROR;
				CLANG_WARN_EMPTY_BODY = YES;
				CLANG_WARN_ENUM_CONVERSION = YES;
				CLANG_WARN_INT_CONVERSION = YES;
				CLANG_WARN_OBJC_ROOT_CLASS = YES_ERROR;
				CLANG_WARN_UNREACHABLE_CODE = YES;
				CLANG_WARN__DUPLICATE_METHOD_MATCH = YES;
				CODE_SIGN_IDENTITY = "iPhone Distribution";
				COPY_PHASE_STRIP = YES;
				ENABLE_NS_ASSERTIONS = NO;
				ENABLE_STRICT_OBJC_MSGSEND = YES;
				GCC_C_LANGUAGE_STANDARD = gnu99;
				GCC_WARN_64_TO_32_BIT_CONVERSION = YES;
				GCC_WARN_ABOUT_RETURN_TYPE = YES_ERROR;
				GCC_WARN_UNDECLARED_SELECTOR = YES;
				GCC_WARN_UNINITIALIZED_AUTOS = YES_AGGRESSIVE;
				GCC_WARN_UNUSED_FUNCTION = YES;
				GCC_WARN_UNUSED_VARIABLE = YES;
				IPHONEOS_DEPLOYMENT_TARGET = 8.1;
				MTL_ENABLE_DEBUG_INFO = NO;
				PROVISIONING_PROFILE = "A9A688AE-087E-45BF-BCB3-CFCE9EA615E7";
				SDKROOT = iphoneos;
				VALIDATE_PRODUCT = YES;
			};
			name = Release;
		};
		095188041A22346000193100 /* Debug */ = {
			isa = XCBuildConfiguration;
			buildSettings = {
				ASSETCATALOG_COMPILER_APPICON_NAME = AppIcon;
				CODE_SIGN_IDENTITY = "iPhone Developer";
				"CODE_SIGN_IDENTITY[sdk=iphoneos*]" = "iPhone Developer";
				INFOPLIST_FILE = ChocoPain/Info.plist;
				LD_RUNPATH_SEARCH_PATHS = "$(inherited) @executable_path/Frameworks";
				PRODUCT_NAME = "$(TARGET_NAME)";
				PROVISIONING_PROFILE = "";
			};
			name = Debug;
		};
		095188051A22346000193100 /* Release */ = {
			isa = XCBuildConfiguration;
			buildSettings = {
				ASSETCATALOG_COMPILER_APPICON_NAME = AppIcon;
				CODE_SIGN_IDENTITY = "iPhone Distribution: Belfius Banque SA";
				"CODE_SIGN_IDENTITY[sdk=iphoneos*]" = "iPhone Distribution: Belfius Banque SA";
				INFOPLIST_FILE = ChocoPain/Info.plist;
				LD_RUNPATH_SEARCH_PATHS = "$(inherited) @executable_path/Frameworks";
				PRODUCT_NAME = "$(TARGET_NAME)";
				PROVISIONING_PROFILE = "";
			};
			name = Release;
		};
/* End XCBuildConfiguration section */

/* Begin XCConfigurationList section */
		095187DB1A22346000193100 /* Build configuration list for PBXProject "ChocoPain" */ = {
			isa = XCConfigurationList;
			buildConfigurations = (
				095188011A22346000193100 /* Debug */,
				095188021A22346000193100 /* Release */,
			);
			defaultConfigurationIsVisible = 0;
			defaultConfigurationName = Release;
		};
		095188031A22346000193100 /* Build configuration list for PBXNativeTarget "Repérage" */ = {
			isa = XCConfigurationList;
			buildConfigurations = (
				095188041A22346000193100 /* Debug */,
				095188051A22346000193100 /* Release */,
			);
			defaultConfigurationIsVisible = 0;
			defaultConfigurationName = Release;
		};
/* End XCConfigurationList section */
	};
	rootObject = 095187D81A22346000193100 /* Project object */;
}
