// !$*UTF8*$!
{
	archiveVersion = 1;
	classes = {
	};
	objectVersion = 46;
	objects = {

/* Begin PBXBuildFile section */
		092332821A225DDC00BF80FB /* AdoptingAnAnnotation.m in Sources */ = {isa = PBXBuildFile; fileRef = 092332811A225DDC00BF80FB /* AdoptingAnAnnotation.m */; };
		095187E61A22346000193100 /* main.m in Sources */ = {isa = PBXBuildFile; fileRef = 095187E51A22346000193100 /* main.m */; };
		095187E91A22346000193100 /* AppDelegate.m in Sources */ = {isa = PBXBuildFile; fileRef = 095187E81A22346000193100 /* AppDelegate.m */; };
		095187EC1A22346000193100 /* LoginViewController.m in Sources */ = {isa = PBXBuildFile; fileRef = 095187EB1A22346000193100 /* LoginViewController.m */; };
		095187EF1A22346000193100 /* Main.storyboard in Resources */ = {isa = PBXBuildFile; fileRef = 095187ED1A22346000193100 /* Main.storyboard */; };
		095187F11A22346000193100 /* Images.xcassets in Resources */ = {isa = PBXBuildFile; fileRef = 095187F01A22346000193100 /* Images.xcassets */; };
		095187F41A22346000193100 /* LaunchScreen.xib in Resources */ = {isa = PBXBuildFile; fileRef = 095187F21A22346000193100 /* LaunchScreen.xib */; };
		095188001A22346000193100 /* ChocoPainTests.m in Sources */ = {isa = PBXBuildFile; fileRef = 095187FF1A22346000193100 /* ChocoPainTests.m */; };
		0951880C1A223F7800193100 /* Services.m in Sources */ = {isa = PBXBuildFile; fileRef = 0951880B1A223F7800193100 /* Services.m */; };
		0951880F1A22500B00193100 /* MapViewController.m in Sources */ = {isa = PBXBuildFile; fileRef = 0951880E1A22500B00193100 /* MapViewController.m */; };
		095188111A22540500193100 /* MapKit.framework in Frameworks */ = {isa = PBXBuildFile; fileRef = 095188101A22540500193100 /* MapKit.framework */; };
		099ACAB91A227D9500F568C0 /* launch.png in Resources */ = {isa = PBXBuildFile; fileRef = 099ACAB81A227D9500F568C0 /* launch.png */; };
		099ACABC1A22846A00F568C0 /* Classification.m in Sources */ = {isa = PBXBuildFile; fileRef = 099ACABB1A22846A00F568C0 /* Classification.m */; };
		099ACABF1A228D8100F568C0 /* DecorListViewController.m in Sources */ = {isa = PBXBuildFile; fileRef = 099ACABE1A228D8100F568C0 /* DecorListViewController.m */; };
		099ACAC51A229CFA00F568C0 /* reaButtonPushed.png in Resources */ = {isa = PBXBuildFile; fileRef = 099ACAC01A229CFA00F568C0 /* reaButtonPushed.png */; };
		099ACAC61A229CFA00F568C0 /* facebookButtonPushed.png in Resources */ = {isa = PBXBuildFile; fileRef = 099ACAC11A229CFA00F568C0 /* facebookButtonPushed.png */; };
		099ACAC71A229CFA00F568C0 /* facebookButton.png in Resources */ = {isa = PBXBuildFile; fileRef = 099ACAC21A229CFA00F568C0 /* facebookButton.png */; };
		099ACAC81A229CFA00F568C0 /* reaButton.png in Resources */ = {isa = PBXBuildFile; fileRef = 099ACAC31A229CFA00F568C0 /* reaButton.png */; };
		099ACAC91A229CFA00F568C0 /* loginScreen.png in Resources */ = {isa = PBXBuildFile; fileRef = 099ACAC41A229CFA00F568C0 /* loginScreen.png */; };
		099ACAD41A22AC5D00F568C0 /* BOUTON EXIT BLANC.png in Resources */ = {isa = PBXBuildFile; fileRef = 099ACACB1A22AC5D00F568C0 /* BOUTON EXIT BLANC.png */; };
		099ACAD51A22AC5D00F568C0 /* BOUTON EXIT PUSH.png in Resources */ = {isa = PBXBuildFile; fileRef = 099ACACC1A22AC5D00F568C0 /* BOUTON EXIT PUSH.png */; };
		099ACAD61A22AC5D00F568C0 /* BOUTON LIKE 1.png in Resources */ = {isa = PBXBuildFile; fileRef = 099ACACD1A22AC5D00F568C0 /* BOUTON LIKE 1.png */; };
		099ACAD71A22AC5D00F568C0 /* BOUTON LIKE PUSH.png in Resources */ = {isa = PBXBuildFile; fileRef = 099ACACE1A22AC5D00F568C0 /* BOUTON LIKE PUSH.png */; };
		099ACAD81A22AC5D00F568C0 /* BOUTON PERSO BLANC.png in Resources */ = {isa = PBXBuildFile; fileRef = 099ACACF1A22AC5D00F568C0 /* BOUTON PERSO BLANC.png */; };
		099ACAD91A22AC5D00F568C0 /* BOUTON PERSO PUSH.png in Resources */ = {isa = PBXBuildFile; fileRef = 099ACAD01A22AC5D00F568C0 /* BOUTON PERSO PUSH.png */; };
		099ACADA1A22AC5D00F568C0 /* BOUTON PLAN BLANC.png in Resources */ = {isa = PBXBuildFile; fileRef = 099ACAD11A22AC5D00F568C0 /* BOUTON PLAN BLANC.png */; };
		099ACADB1A22AC5D00F568C0 /* BOUTON PLAN PUSH.png in Resources */ = {isa = PBXBuildFile; fileRef = 099ACAD21A22AC5D00F568C0 /* BOUTON PLAN PUSH.png */; };
		099ACADC1A22AC5D00F568C0 /* DEGRADE PHOTO.png in Resources */ = {isa = PBXBuildFile; fileRef = 099ACAD31A22AC5D00F568C0 /* DEGRADE PHOTO.png */; };
/* End PBXBuildFile section */

/* Begin PBXContainerItemProxy section */
		095187FA1A22346000193100 /* PBXContainerItemProxy */ = {
			isa = PBXContainerItemProxy;
			containerPortal = 095187D81A22346000193100 /* Project object */;
			proxyType = 1;
			remoteGlobalIDString = 095187DF1A22346000193100;
			remoteInfo = ChocoPain;
		};
/* End PBXContainerItemProxy section */

/* Begin PBXFileReference section */
		092332801A225DDC00BF80FB /* AdoptingAnAnnotation.h */ = {isa = PBXFileReference; fileEncoding = 4; lastKnownFileType = sourcecode.c.h; path = AdoptingAnAnnotation.h; sourceTree = "<group>"; };
		092332811A225DDC00BF80FB /* AdoptingAnAnnotation.m */ = {isa = PBXFileReference; fileEncoding = 4; lastKnownFileType = sourcecode.c.objc; path = AdoptingAnAnnotation.m; sourceTree = "<group>"; };
		095187E01A22346000193100 /* Repérage.app */ = {isa = PBXFileReference; explicitFileType = wrapper.application; includeInIndex = 0; path = "Repérage.app"; sourceTree = BUILT_PRODUCTS_DIR; };
		095187E41A22346000193100 /* Info.plist */ = {isa = PBXFileReference; lastKnownFileType = text.plist.xml; path = Info.plist; sourceTree = "<group>"; };
		095187E51A22346000193100 /* main.m */ = {isa = PBXFileReference; lastKnownFileType = sourcecode.c.objc; path = main.m; sourceTree = "<group>"; };
		095187E71A22346000193100 /* AppDelegate.h */ = {isa = PBXFileReference; lastKnownFileType = sourcecode.c.h; path = AppDelegate.h; sourceTree = "<group>"; };
		095187E81A22346000193100 /* AppDelegate.m */ = {isa = PBXFileReference; lastKnownFileType = sourcecode.c.objc; path = AppDelegate.m; sourceTree = "<group>"; };
		095187EA1A22346000193100 /* LoginViewController.h */ = {isa = PBXFileReference; lastKnownFileType = sourcecode.c.h; path = LoginViewController.h; sourceTree = "<group>"; };
		095187EB1A22346000193100 /* LoginViewController.m */ = {isa = PBXFileReference; lastKnownFileType = sourcecode.c.objc; path = LoginViewController.m; sourceTree = "<group>"; };
		095187EE1A22346000193100 /* Base */ = {isa = PBXFileReference; lastKnownFileType = file.storyboard; name = Base; path = Base.lproj/Main.storyboard; sourceTree = "<group>"; };
		095187F01A22346000193100 /* Images.xcassets */ = {isa = PBXFileReference; lastKnownFileType = folder.assetcatalog; path = Images.xcassets; sourceTree = "<group>"; };
		095187F31A22346000193100 /* Base */ = {isa = PBXFileReference; lastKnownFileType = file.xib; name = Base; path = Base.lproj/LaunchScreen.xib; sourceTree = "<group>"; };
		095187F91A22346000193100 /* ChocoPainTests.xctest */ = {isa = PBXFileReference; explicitFileType = wrapper.cfbundle; includeInIndex = 0; path = ChocoPainTests.xctest; sourceTree = BUILT_PRODUCTS_DIR; };
		095187FE1A22346000193100 /* Info.plist */ = {isa = PBXFileReference; lastKnownFileType = text.plist.xml; path = Info.plist; sourceTree = "<group>"; };
		095187FF1A22346000193100 /* ChocoPainTests.m */ = {isa = PBXFileReference; lastKnownFileType = sourcecode.c.objc; path = ChocoPainTests.m; sourceTree = "<group>"; };
		0951880A1A223F7800193100 /* Services.h */ = {isa = PBXFileReference; fileEncoding = 4; lastKnownFileType = sourcecode.c.h; name = Services.h; path = Services/Services.h; sourceTree = "<group>"; };
		0951880B1A223F7800193100 /* Services.m */ = {isa = PBXFileReference; fileEncoding = 4; lastKnownFileType = sourcecode.c.objc; name = Services.m; path = Services/Services.m; sourceTree = "<group>"; };
		0951880D1A22500B00193100 /* MapViewController.h */ = {isa = PBXFileReference; fileEncoding = 4; lastKnownFileType = sourcecode.c.h; path = MapViewController.h; sourceTree = "<group>"; };
		0951880E1A22500B00193100 /* MapViewController.m */ = {isa = PBXFileReference; fileEncoding = 4; lastKnownFileType = sourcecode.c.objc; path = MapViewController.m; sourceTree = "<group>"; };
		095188101A22540500193100 /* MapKit.framework */ = {isa = PBXFileReference; lastKnownFileType = wrapper.framework; name = MapKit.framework; path = System/Library/Frameworks/MapKit.framework; sourceTree = SDKROOT; };
		099ACAB81A227D9500F568C0 /* launch.png */ = {isa = PBXFileReference; lastKnownFileType = image.png; path = launch.png; sourceTree = "<group>"; };
		099ACABA1A22846A00F568C0 /* Classification.h */ = {isa = PBXFileReference; fileEncoding = 4; lastKnownFileType = sourcecode.c.h; path = Classification.h; sourceTree = "<group>"; };
		099ACABB1A22846A00F568C0 /* Classification.m */ = {isa = PBXFileReference; fileEncoding = 4; lastKnownFileType = sourcecode.c.objc; path = Classification.m; sourceTree = "<group>"; };
		099ACABD1A228D8100F568C0 /* DecorListViewController.h */ = {isa = PBXFileReference; fileEncoding = 4; lastKnownFileType = sourcecode.c.h; path = DecorListViewController.h; sourceTree = "<group>"; };
		099ACABE1A228D8100F568C0 /* DecorListViewController.m */ = {isa = PBXFileReference; fileEncoding = 4; lastKnownFileType = sourcecode.c.objc; path = DecorListViewController.m; sourceTree = "<group>"; };
		099ACAC01A229CFA00F568C0 /* reaButtonPushed.png */ = {isa = PBXFileReference; lastKnownFileType = image.png; path = reaButtonPushed.png; sourceTree = "<group>"; };
		099ACAC11A229CFA00F568C0 /* facebookButtonPushed.png */ = {isa = PBXFileReference; lastKnownFileType = image.png; path = facebookButtonPushed.png; sourceTree = "<group>"; };
		099ACAC21A229CFA00F568C0 /* facebookButton.png */ = {isa = PBXFileReference; lastKnownFileType = image.png; path = facebookButton.png; sourceTree = "<group>"; };
		099ACAC31A229CFA00F568C0 /* reaButton.png */ = {isa = PBXFileReference; lastKnownFileType = image.png; path = reaButton.png; sourceTree = "<group>"; };
		099ACAC41A229CFA00F568C0 /* loginScreen.png */ = {isa = PBXFileReference; lastKnownFileType = image.png; path = loginScreen.png; sourceTree = "<group>"; };
		099ACACB1A22AC5D00F568C0 /* BOUTON EXIT BLANC.png */ = {isa = PBXFileReference; lastKnownFileType = image.png; path = "BOUTON EXIT BLANC.png"; sourceTree = "<group>"; };
		099ACACC1A22AC5D00F568C0 /* BOUTON EXIT PUSH.png */ = {isa = PBXFileReference; lastKnownFileType = image.png; path = "BOUTON EXIT PUSH.png"; sourceTree = "<group>"; };
		099ACACD1A22AC5D00F568C0 /* BOUTON LIKE 1.png */ = {isa = PBXFileReference; lastKnownFileType = image.png; path = "BOUTON LIKE 1.png"; sourceTree = "<group>"; };
		099ACACE1A22AC5D00F568C0 /* BOUTON LIKE PUSH.png */ = {isa = PBXFileReference; lastKnownFileType = image.png; path = "BOUTON LIKE PUSH.png"; sourceTree = "<group>"; };
		099ACACF1A22AC5D00F568C0 /* BOUTON PERSO BLANC.png */ = {isa = PBXFileReference; lastKnownFileType = image.png; path = "BOUTON PERSO BLANC.png"; sourceTree = "<group>"; };
		099ACAD01A22AC5D00F568C0 /* BOUTON PERSO PUSH.png */ = {isa = PBXFileReference; lastKnownFileType = image.png; path = "BOUTON PERSO PUSH.png"; sourceTree = "<group>"; };
		099ACAD11A22AC5D00F568C0 /* BOUTON PLAN BLANC.png */ = {isa = PBXFileReference; lastKnownFileType = image.png; path = "BOUTON PLAN BLANC.png"; sourceTree = "<group>"; };
		099ACAD21A22AC5D00F568C0 /* BOUTON PLAN PUSH.png */ = {isa = PBXFileReference; lastKnownFileType = image.png; path = "BOUTON PLAN PUSH.png"; sourceTree = "<group>"; };
		099ACAD31A22AC5D00F568C0 /* DEGRADE PHOTO.png */ = {isa = PBXFileReference; lastKnownFileType = image.png; path = "DEGRADE PHOTO.png"; sourceTree = "<group>"; };
/* End PBXFileReference section */

/* Begin PBXFrameworksBuildPhase section */
		095187DD1A22346000193100 /* Frameworks */ = {
			isa = PBXFrameworksBuildPhase;
			buildActionMask = 2147483647;
			files = (
				095188111A22540500193100 /* MapKit.framework in Frameworks */,
			);
			runOnlyForDeploymentPostprocessing = 0;
		};
		095187F61A22346000193100 /* Frameworks */ = {
			isa = PBXFrameworksBuildPhase;
			buildActionMask = 2147483647;
			files = (
			);
			runOnlyForDeploymentPostprocessing = 0;
		};
/* End PBXFrameworksBuildPhase section */

/* Begin PBXGroup section */
		095187D71A22346000193100 = {
			isa = PBXGroup;
			children = (
				095187E21A22346000193100 /* ChocoPain */,
				095187FC1A22346000193100 /* ChocoPainTests */,
				095187E11A22346000193100 /* Products */,
			);
			sourceTree = "<group>";
		};
		095187E11A22346000193100 /* Products */ = {
			isa = PBXGroup;
			children = (
				095187E01A22346000193100 /* Repérage.app */,
				095187F91A22346000193100 /* ChocoPainTests.xctest */,
			);
			name = Products;
			sourceTree = "<group>";
		};
		095187E21A22346000193100 /* ChocoPain */ = {
			isa = PBXGroup;
			children = (
				099ACAB71A227D8400F568C0 /* Images */,
				095188091A223F4700193100 /* Services */,
				095187E71A22346000193100 /* AppDelegate.h */,
				095187E81A22346000193100 /* AppDelegate.m */,
				095187EA1A22346000193100 /* LoginViewController.h */,
				095187EB1A22346000193100 /* LoginViewController.m */,
				095187ED1A22346000193100 /* Main.storyboard */,
				095187F01A22346000193100 /* Images.xcassets */,
				095187F21A22346000193100 /* LaunchScreen.xib */,
				099ACABD1A228D8100F568C0 /* DecorListViewController.h */,
				099ACABE1A228D8100F568C0 /* DecorListViewController.m */,
				0951880D1A22500B00193100 /* MapViewController.h */,
				0951880E1A22500B00193100 /* MapViewController.m */,
				092332801A225DDC00BF80FB /* AdoptingAnAnnotation.h */,
				092332811A225DDC00BF80FB /* AdoptingAnAnnotation.m */,
				095188121A22541300193100 /* Frameworks */,
				095187E31A22346000193100 /* Supporting Files */,
			);
			path = ChocoPain;
			sourceTree = "<group>";
		};
		095187E31A22346000193100 /* Supporting Files */ = {
			isa = PBXGroup;
			children = (
				095187E41A22346000193100 /* Info.plist */,
				095187E51A22346000193100 /* main.m */,
			);
			name = "Supporting Files";
			sourceTree = "<group>";
		};
		095187FC1A22346000193100 /* ChocoPainTests */ = {
			isa = PBXGroup;
			children = (
				095187FF1A22346000193100 /* ChocoPainTests.m */,
				095187FD1A22346000193100 /* Supporting Files */,
			);
			path = ChocoPainTests;
			sourceTree = "<group>";
		};
		095187FD1A22346000193100 /* Supporting Files */ = {
			isa = PBXGroup;
			children = (
				095187FE1A22346000193100 /* Info.plist */,
			);
			name = "Supporting Files";
			sourceTree = "<group>";
		};
		095188091A223F4700193100 /* Services */ = {
			isa = PBXGroup;
			children = (
				0951880A1A223F7800193100 /* Services.h */,
				0951880B1A223F7800193100 /* Services.m */,
				099ACABA1A22846A00F568C0 /* Classification.h */,
				099ACABB1A22846A00F568C0 /* Classification.m */,
			);
			name = Services;
			sourceTree = "<group>";
		};
		095188121A22541300193100 /* Frameworks */ = {
			isa = PBXGroup;
			children = (
				095188101A22540500193100 /* MapKit.framework */,
			);
			name = Frameworks;
			sourceTree = "<group>";
		};
		099ACAB71A227D8400F568C0 /* Images */ = {
			isa = PBXGroup;
			children = (
				099ACACA1A22AC4B00F568C0 /* DecorList */,
				099ACAB81A227D9500F568C0 /* launch.png */,
				099ACAC41A229CFA00F568C0 /* loginScreen.png */,
				099ACAC31A229CFA00F568C0 /* reaButton.png */,
				099ACAC01A229CFA00F568C0 /* reaButtonPushed.png */,
				099ACAC11A229CFA00F568C0 /* facebookButtonPushed.png */,
				099ACAC21A229CFA00F568C0 /* facebookButton.png */,
			);
			name = Images;
			sourceTree = "<group>";
		};
		099ACACA1A22AC4B00F568C0 /* DecorList */ = {
			isa = PBXGroup;
			children = (
				099ACACB1A22AC5D00F568C0 /* BOUTON EXIT BLANC.png */,
				099ACACC1A22AC5D00F568C0 /* BOUTON EXIT PUSH.png */,
				099ACACD1A22AC5D00F568C0 /* BOUTON LIKE 1.png */,
				099ACACE1A22AC5D00F568C0 /* BOUTON LIKE PUSH.png */,
				099ACACF1A22AC5D00F568C0 /* BOUTON PERSO BLANC.png */,
				099ACAD01A22AC5D00F568C0 /* BOUTON PERSO PUSH.png */,
				099ACAD11A22AC5D00F568C0 /* BOUTON PLAN BLANC.png */,
				099ACAD21A22AC5D00F568C0 /* BOUTON PLAN PUSH.png */,
				099ACAD31A22AC5D00F568C0 /* DEGRADE PHOTO.png */,
			);
			name = DecorList;
			sourceTree = "<group>";
		};
/* End PBXGroup section */

/* Begin PBXNativeTarget section */
		095187DF1A22346000193100 /* Repérage */ = {
			isa = PBXNativeTarget;
			buildConfigurationList = 095188031A22346000193100 /* Build configuration list for PBXNativeTarget "Repérage" */;
			buildPhases = (
				095187DC1A22346000193100 /* Sources */,
				095187DD1A22346000193100 /* Frameworks */,
				095187DE1A22346000193100 /* Resources */,
			);
			buildRules = (
			);
			dependencies = (
			);
			name = "Repérage";
			productName = ChocoPain;
			productReference = 095187E01A22346000193100 /* Repérage.app */;
			productType = "com.apple.product-type.application";
		};
		095187F81A22346000193100 /* ChocoPainTests */ = {
			isa = PBXNativeTarget;
			buildConfigurationList = 095188061A22346000193100 /* Build configuration list for PBXNativeTarget "ChocoPainTests" */;
			buildPhases = (
				095187F51A22346000193100 /* Sources */,
				095187F61A22346000193100 /* Frameworks */,
				095187F71A22346000193100 /* Resources */,
			);
			buildRules = (
			);
			dependencies = (
				095187FB1A22346000193100 /* PBXTargetDependency */,
			);
			name = ChocoPainTests;
			productName = ChocoPainTests;
			productReference = 095187F91A22346000193100 /* ChocoPainTests.xctest */;
			productType = "com.apple.product-type.bundle.unit-test";
		};
/* End PBXNativeTarget section */

/* Begin PBXProject section */
		095187D81A22346000193100 /* Project object */ = {
			isa = PBXProject;
			attributes = {
				LastUpgradeCheck = 0610;
				ORGANIZATIONNAME = "Hervé";
				TargetAttributes = {
					095187DF1A22346000193100 = {
						CreatedOnToolsVersion = 6.1;
						DevelopmentTeam = R6TPU48UH8;
					};
					095187F81A22346000193100 = {
						CreatedOnToolsVersion = 6.1;
						TestTargetID = 095187DF1A22346000193100;
					};
				};
			};
			buildConfigurationList = 095187DB1A22346000193100 /* Build configuration list for PBXProject "ChocoPain" */;
			compatibilityVersion = "Xcode 3.2";
			developmentRegion = English;
			hasScannedForEncodings = 0;
			knownRegions = (
				en,
				Base,
			);
			mainGroup = 095187D71A22346000193100;
			productRefGroup = 095187E11A22346000193100 /* Products */;
			projectDirPath = "";
			projectRoot = "";
			targets = (
				095187DF1A22346000193100 /* Repérage */,
				095187F81A22346000193100 /* ChocoPainTests */,
			);
		};
/* End PBXProject section */

/* Begin PBXResourcesBuildPhase section */
		095187DE1A22346000193100 /* Resources */ = {
			isa = PBXResourcesBuildPhase;
			buildActionMask = 2147483647;
			files = (
				099ACAC71A229CFA00F568C0 /* facebookButton.png in Resources */,
				099ACAD91A22AC5D00F568C0 /* BOUTON PERSO PUSH.png in Resources */,
				099ACAD41A22AC5D00F568C0 /* BOUTON EXIT BLANC.png in Resources */,
				099ACADB1A22AC5D00F568C0 /* BOUTON PLAN PUSH.png in Resources */,
				099ACAB91A227D9500F568C0 /* launch.png in Resources */,
				099ACAC91A229CFA00F568C0 /* loginScreen.png in Resources */,
				095187EF1A22346000193100 /* Main.storyboard in Resources */,
				099ACAD61A22AC5D00F568C0 /* BOUTON LIKE 1.png in Resources */,
				095187F41A22346000193100 /* LaunchScreen.xib in Resources */,
				099ACAD81A22AC5D00F568C0 /* BOUTON PERSO BLANC.png in Resources */,
				099ACADC1A22AC5D00F568C0 /* DEGRADE PHOTO.png in Resources */,
				099ACAC61A229CFA00F568C0 /* facebookButtonPushed.png in Resources */,
				099ACADA1A22AC5D00F568C0 /* BOUTON PLAN BLANC.png in Resources */,
				099ACAD51A22AC5D00F568C0 /* BOUTON EXIT PUSH.png in Resources */,
				099ACAC51A229CFA00F568C0 /* reaButtonPushed.png in Resources */,
				099ACAC81A229CFA00F568C0 /* reaButton.png in Resources */,
				099ACAD71A22AC5D00F568C0 /* BOUTON LIKE PUSH.png in Resources */,
				095187F11A22346000193100 /* Images.xcassets in Resources */,
			);
			runOnlyForDeploymentPostprocessing = 0;
		};
		095187F71A22346000193100 /* Resources */ = {
			isa = PBXResourcesBuildPhase;
			buildActionMask = 2147483647;
			files = (
			);
			runOnlyForDeploymentPostprocessing = 0;
		};
/* End PBXResourcesBuildPhase section */

/* Begin PBXSourcesBuildPhase section */
		095187DC1A22346000193100 /* Sources */ = {
			isa = PBXSourcesBuildPhase;
			buildActionMask = 2147483647;
			files = (
				095187EC1A22346000193100 /* LoginViewController.m in Sources */,
				0951880C1A223F7800193100 /* Services.m in Sources */,
				0951880F1A22500B00193100 /* MapViewController.m in Sources */,
				095187E91A22346000193100 /* AppDelegate.m in Sources */,
				099ACABF1A228D8100F568C0 /* DecorListViewController.m in Sources */,
				095187E61A22346000193100 /* main.m in Sources */,
				099ACABC1A22846A00F568C0 /* Classification.m in Sources */,
				092332821A225DDC00BF80FB /* AdoptingAnAnnotation.m in Sources */,
			);
			runOnlyForDeploymentPostprocessing = 0;
		};
		095187F51A22346000193100 /* Sources */ = {
			isa = PBXSourcesBuildPhase;
			buildActionMask = 2147483647;
			files = (
				095188001A22346000193100 /* ChocoPainTests.m in Sources */,
			);
			runOnlyForDeploymentPostprocessing = 0;
		};
/* End PBXSourcesBuildPhase section */

/* Begin PBXTargetDependency section */
		095187FB1A22346000193100 /* PBXTargetDependency */ = {
			isa = PBXTargetDependency;
			target = 095187DF1A22346000193100 /* Repérage */;
			targetProxy = 095187FA1A22346000193100 /* PBXContainerItemProxy */;
		};
/* End PBXTargetDependency section */

/* Begin PBXVariantGroup section */
		095187ED1A22346000193100 /* Main.storyboard */ = {
			isa = PBXVariantGroup;
			children = (
				095187EE1A22346000193100 /* Base */,
			);
			name = Main.storyboard;
			sourceTree = "<group>";
		};
		095187F21A22346000193100 /* LaunchScreen.xib */ = {
			isa = PBXVariantGroup;
			children = (
				095187F31A22346000193100 /* Base */,
			);
			name = LaunchScreen.xib;
			sourceTree = "<group>";
		};
/* End PBXVariantGroup section */

/* Begin XCBuildConfiguration section */
		095188011A22346000193100 /* Debug */ = {
			isa = XCBuildConfiguration;
			buildSettings = {
				ALWAYS_SEARCH_USER_PATHS = NO;
				CLANG_CXX_LANGUAGE_STANDARD = "gnu++0x";
				CLANG_CXX_LIBRARY = "libc++";
				CLANG_ENABLE_MODULES = YES;
				CLANG_ENABLE_OBJC_ARC = YES;
				CLANG_WARN_BOOL_CONVERSION = YES;
				CLANG_WARN_CONSTANT_CONVERSION = YES;
				CLANG_WARN_DIRECT_OBJC_ISA_USAGE = YES_ERROR;
				CLANG_WARN_EMPTY_BODY = YES;
				CLANG_WARN_ENUM_CONVERSION = YES;
				CLANG_WARN_INT_CONVERSION = YES;
				CLANG_WARN_OBJC_ROOT_CLASS = YES_ERROR;
				CLANG_WARN_UNREACHABLE_CODE = YES;
				CLANG_WARN__DUPLICATE_METHOD_MATCH = YES;
				COPY_PHASE_STRIP = NO;
				ENABLE_STRICT_OBJC_MSGSEND = YES;
				GCC_C_LANGUAGE_STANDARD = gnu99;
				GCC_DYNAMIC_NO_PIC = NO;
				GCC_OPTIMIZATION_LEVEL = 0;
				GCC_PREPROCESSOR_DEFINITIONS = (
					"DEBUG=1",
					"$(inherited)",
				);
				GCC_SYMBOLS_PRIVATE_EXTERN = NO;
				GCC_WARN_64_TO_32_BIT_CONVERSION = YES;
				GCC_WARN_ABOUT_RETURN_TYPE = YES_ERROR;
				GCC_WARN_UNDECLARED_SELECTOR = YES;
				GCC_WARN_UNINITIALIZED_AUTOS = YES_AGGRESSIVE;
				GCC_WARN_UNUSED_FUNCTION = YES;
				GCC_WARN_UNUSED_VARIABLE = YES;
				IPHONEOS_DEPLOYMENT_TARGET = 8.1;
				MTL_ENABLE_DEBUG_INFO = YES;
				ONLY_ACTIVE_ARCH = YES;
				SDKROOT = iphoneos;
			};
			name = Debug;
		};
		095188021A22346000193100 /* Release */ = {
			isa = XCBuildConfiguration;
			buildSettings = {
				ALWAYS_SEARCH_USER_PATHS = NO;
				CLANG_CXX_LANGUAGE_STANDARD = "gnu++0x";
				CLANG_CXX_LIBRARY = "libc++";
				CLANG_ENABLE_MODULES = YES;
				CLANG_ENABLE_OBJC_ARC = YES;
				CLANG_WARN_BOOL_CONVERSION = YES;
				CLANG_WARN_CONSTANT_CONVERSION = YES;
				CLANG_WARN_DIRECT_OBJC_ISA_USAGE = YES_ERROR;
				CLANG_WARN_EMPTY_BODY = YES;
				CLANG_WARN_ENUM_CONVERSION = YES;
				CLANG_WARN_INT_CONVERSION = YES;
				CLANG_WARN_OBJC_ROOT_CLASS = YES_ERROR;
				CLANG_WARN_UNREACHABLE_CODE = YES;
				CLANG_WARN__DUPLICATE_METHOD_MATCH = YES;
				CODE_SIGN_IDENTITY = "iPhone Distribution";
				COPY_PHASE_STRIP = YES;
				ENABLE_NS_ASSERTIONS = NO;
				ENABLE_STRICT_OBJC_MSGSEND = YES;
				GCC_C_LANGUAGE_STANDARD = gnu99;
				GCC_WARN_64_TO_32_BIT_CONVERSION = YES;
				GCC_WARN_ABOUT_RETURN_TYPE = YES_ERROR;
				GCC_WARN_UNDECLARED_SELECTOR = YES;
				GCC_WARN_UNINITIALIZED_AUTOS = YES_AGGRESSIVE;
				GCC_WARN_UNUSED_FUNCTION = YES;
				GCC_WARN_UNUSED_VARIABLE = YES;
				IPHONEOS_DEPLOYMENT_TARGET = 8.1;
				MTL_ENABLE_DEBUG_INFO = NO;
				PROVISIONING_PROFILE = "A9A688AE-087E-45BF-BCB3-CFCE9EA615E7";
				SDKROOT = iphoneos;
				VALIDATE_PRODUCT = YES;
			};
			name = Release;
		};
		095188041A22346000193100 /* Debug */ = {
			isa = XCBuildConfiguration;
			buildSettings = {
				ASSETCATALOG_COMPILER_APPICON_NAME = AppIcon;
				CODE_SIGN_IDENTITY = "iPhone Developer";
				"CODE_SIGN_IDENTITY[sdk=iphoneos*]" = "iPhone Developer";
				INFOPLIST_FILE = ChocoPain/Info.plist;
				LD_RUNPATH_SEARCH_PATHS = "$(inherited) @executable_path/Frameworks";
				PRODUCT_NAME = "$(TARGET_NAME)";
				PROVISIONING_PROFILE = "";
			};
			name = Debug;
		};
		095188051A22346000193100 /* Release */ = {
			isa = XCBuildConfiguration;
			buildSettings = {
				ASSETCATALOG_COMPILER_APPICON_NAME = AppIcon;
				CODE_SIGN_IDENTITY = "iPhone Developer";
				"CODE_SIGN_IDENTITY[sdk=iphoneos*]" = "iPhone Developer";
				INFOPLIST_FILE = ChocoPain/Info.plist;
				LD_RUNPATH_SEARCH_PATHS = "$(inherited) @executable_path/Frameworks";
				PRODUCT_NAME = "$(TARGET_NAME)";
				PROVISIONING_PROFILE = "";
			};
			name = Release;
		};
		095188071A22346000193100 /* Debug */ = {
			isa = XCBuildConfiguration;
			buildSettings = {
				BUNDLE_LOADER = "$(TEST_HOST)";
				FRAMEWORK_SEARCH_PATHS = (
					"$(SDKROOT)/Developer/Library/Frameworks",
					"$(inherited)",
				);
				GCC_PREPROCESSOR_DEFINITIONS = (
					"DEBUG=1",
					"$(inherited)",
				);
				INFOPLIST_FILE = ChocoPainTests/Info.plist;
				LD_RUNPATH_SEARCH_PATHS = "$(inherited) @executable_path/Frameworks @loader_path/Frameworks";
				PRODUCT_NAME = "$(TARGET_NAME)";
				TEST_HOST = "$(BUILT_PRODUCTS_DIR)/ChocoPain.app/ChocoPain";
			};
			name = Debug;
		};
		095188081A22346000193100 /* Release */ = {
			isa = XCBuildConfiguration;
			buildSettings = {
				BUNDLE_LOADER = "$(TEST_HOST)";
				FRAMEWORK_SEARCH_PATHS = (
					"$(SDKROOT)/Developer/Library/Frameworks",
					"$(inherited)",
				);
				INFOPLIST_FILE = ChocoPainTests/Info.plist;
				LD_RUNPATH_SEARCH_PATHS = "$(inherited) @executable_path/Frameworks @loader_path/Frameworks";
				PRODUCT_NAME = "$(TARGET_NAME)";
				TEST_HOST = "$(BUILT_PRODUCTS_DIR)/ChocoPain.app/ChocoPain";
			};
			name = Release;
		};
/* End XCBuildConfiguration section */

/* Begin XCConfigurationList section */
		095187DB1A22346000193100 /* Build configuration list for PBXProject "ChocoPain" */ = {
			isa = XCConfigurationList;
			buildConfigurations = (
				095188011A22346000193100 /* Debug */,
				095188021A22346000193100 /* Release */,
			);
			defaultConfigurationIsVisible = 0;
			defaultConfigurationName = Release;
		};
		095188031A22346000193100 /* Build configuration list for PBXNativeTarget "Repérage" */ = {
			isa = XCConfigurationList;
			buildConfigurations = (
				095188041A22346000193100 /* Debug */,
				095188051A22346000193100 /* Release */,
			);
			defaultConfigurationIsVisible = 0;
			defaultConfigurationName = Release;
		};
		095188061A22346000193100 /* Build configuration list for PBXNativeTarget "ChocoPainTests" */ = {
			isa = XCConfigurationList;
			buildConfigurations = (
				095188071A22346000193100 /* Debug */,
				095188081A22346000193100 /* Release */,
			);
			defaultConfigurationIsVisible = 0;
			defaultConfigurationName = Release;
		};
/* End XCConfigurationList section */
	};
	rootObject = 095187D81A22346000193100 /* Project object */;
}
